
Microsoft Visual Studio Solution File, Format Version 12.00
# Visual Studio Version 16
VisualStudioVersion = 16.0.32901.82
MinimumVisualStudioVersion = 10.0.40219.1
Project("{FAE04EC0-301F-11D3-BF4B-00C04F79EFBC}") = "task number one", "task number one\task number one.csproj", "{C5404A06-89B4-46F7-B6E5-413A11C127C7}"
EndProject
Global
	GlobalSection(SolutionConfigurationPlatforms) = preSolution
		Debug|Any CPU = Debug|Any CPU
		Release|Any CPU = Release|Any CPU
	EndGlobalSection
	GlobalSection(ProjectConfigurationPlatforms) = postSolution
		{C5404A06-89B4-46F7-B6E5-413A11C127C7}.Debug|Any CPU.ActiveCfg = Debug|Any CPU
		{C5404A06-89B4-46F7-B6E5-413A11C127C7}.Debug|Any CPU.Build.0 = Debug|Any CPU
		{C5404A06-89B4-46F7-B6E5-413A11C127C7}.Release|Any CPU.ActiveCfg = Release|Any CPU
		{C5404A06-89B4-46F7-B6E5-413A11C127C7}.Release|Any CPU.Build.0 = Release|Any CPU
	EndGlobalSection
	GlobalSection(SolutionProperties) = preSolution
		HideSolutionNode = FALSE
	EndGlobalSection
	GlobalSection(ExtensibilityGlobals) = postSolution
		SolutionGuid = {1AA9D400-52C9-4E8C-ABC9-DF17DE042853}
	EndGlobalSection
EndGlobal
